
Microsoft Visual Studio Solution File, Format Version 12.00
# Visual Studio Version 16
VisualStudioVersion = 16.0.30011.22
MinimumVisualStudioVersion = 10.0.40219.1
Project("{FAE04EC0-301F-11D3-BF4B-00C04F79EFBC}") = "Student Management", "Student Management\Student Management.csproj", "{F4A35A89-43B0-4DCC-9ED3-D6DE7AE63EBE}"
EndProject
Global
	GlobalSection(SolutionConfigurationPlatforms) = preSolution
		Debug|Any CPU = Debug|Any CPU
		Release|Any CPU = Release|Any CPU
	EndGlobalSection
	GlobalSection(ProjectConfigurationPlatforms) = postSolution
		{F4A35A89-43B0-4DCC-9ED3-D6DE7AE63EBE}.Debug|Any CPU.ActiveCfg = Debug|Any CPU
		{F4A35A89-43B0-4DCC-9ED3-D6DE7AE63EBE}.Debug|Any CPU.Build.0 = Debug|Any CPU
		{F4A35A89-43B0-4DCC-9ED3-D6DE7AE63EBE}.Release|Any CPU.ActiveCfg = Release|Any CPU
		{F4A35A89-43B0-4DCC-9ED3-D6DE7AE63EBE}.Release|Any CPU.Build.0 = Release|Any CPU
	EndGlobalSection
	GlobalSection(SolutionProperties) = preSolution
		HideSolutionNode = FALSE
	EndGlobalSection
	GlobalSection(ExtensibilityGlobals) = postSolution
		SolutionGuid = {CE5C9B66-A440-48EB-B84C-181C627238D8}
	EndGlobalSection
EndGlobal
